{
  "requires": true,
  "lockfileVersion": 1,
  "dependencies": {
    "angularx-flatpickr": {
      "version": "6.1.0",
      "resolved": "https://registry.npmjs.org/angularx-flatpickr/-/angularx-flatpickr-6.1.0.tgz",
      "integrity": "sha512-qhToIDVrCZ8Z/Z+sNi1+1eUkDtM3pxRsd8IXfZAd3Pp2dEjU5QfEyyrWJ7t3SzbhMnTA+dIKH6XfXF4HxBddSg==",
      "requires": {
        "tslib": "^1.9.0"
      }
    },
    "flatpickr": {
      "version": "4.5.7",
      "resolved": "https://registry.npmjs.org/flatpickr/-/flatpickr-4.5.7.tgz",
      "integrity": "sha512-JqPfihUc9A/j9QAsh6otoARmMyUauPE17vRBEG+ThJwbl8zAq4ssGpxlPK3wWM/i8EFxkHg9UuVo0ds7XluKxw=="
    },
    "tslib": {
      "version": "1.9.3",
      "resolved": "https://registry.npmjs.org/tslib/-/tslib-1.9.3.tgz",
      "integrity": "sha512-4krF8scpejhaOgqzBEcGM7yDIEfi0/8+8zDRZhNZZ2kjmHJ4hv3zCbQWxoJGz1iw5U0Jl0nma13xzHXcncMavQ=="
    }
  }
}
